
Microsoft Visual Studio Solution File, Format Version 12.00
# Visual Studio Version 17
VisualStudioVersion = 17.3.32804.467
MinimumVisualStudioVersion = 10.0.40219.1
Project("{FAE04EC0-301F-11D3-BF4B-00C04F79EFBC}") = "labor11", "labor11\labor11.csproj", "{3650810C-C689-421D-B48A-7B04B1A28E77}"
EndProject
Global
	GlobalSection(SolutionConfigurationPlatforms) = preSolution
		Debug|Any CPU = Debug|Any CPU
		Release|Any CPU = Release|Any CPU
	EndGlobalSection
	GlobalSection(ProjectConfigurationPlatforms) = postSolution
		{3650810C-C689-421D-B48A-7B04B1A28E77}.Debug|Any CPU.ActiveCfg = Debug|Any CPU
		{3650810C-C689-421D-B48A-7B04B1A28E77}.Debug|Any CPU.Build.0 = Debug|Any CPU
		{3650810C-C689-421D-B48A-7B04B1A28E77}.Release|Any CPU.ActiveCfg = Release|Any CPU
		{3650810C-C689-421D-B48A-7B04B1A28E77}.Release|Any CPU.Build.0 = Release|Any CPU
	EndGlobalSection
	GlobalSection(SolutionProperties) = preSolution
		HideSolutionNode = FALSE
	EndGlobalSection
	GlobalSection(ExtensibilityGlobals) = postSolution
		SolutionGuid = {8E41B1C0-8FBA-48FC-9A31-E1FFA8F156F1}
	EndGlobalSection
EndGlobal
